
Microsoft Visual Studio Solution File, Format Version 12.00
# Visual Studio Version 17
VisualStudioVersion = 17.3.32929.385
MinimumVisualStudioVersion = 10.0.40219.1
Project("{9A19103F-16F7-4668-BE54-9A1E7A4F7556}") = "BlogWebSite.Web", "BlogWebSite.Web\BlogWebSite.Web.csproj", "{7B881848-27BE-4DF8-BF73-4EC68ECDAA49}"
EndProject
Project("{9A19103F-16F7-4668-BE54-9A1E7A4F7556}") = "BlogWebSite.Entity", "BlogWebSite.Entity\BlogWebSite.Entity.csproj", "{CEFA5975-171A-4943-9CF6-D4F9E7DA7E74}"
EndProject
Project("{9A19103F-16F7-4668-BE54-9A1E7A4F7556}") = "BlogWebSite.Data", "BlogWebSite.Data\BlogWebSite.Data.csproj", "{86611476-D55D-4669-812D-9192789D540D}"
EndProject
Project("{9A19103F-16F7-4668-BE54-9A1E7A4F7556}") = "BlogWebSite.Service", "BlogWebSite.Service\BlogWebSite.Service.csproj", "{59158B5D-E593-4D93-9399-4A1B2501D2D6}"
EndProject
Project("{9A19103F-16F7-4668-BE54-9A1E7A4F7556}") = "BlogWebSite.Core", "BlogWebSite.Core\BlogWebSite.Core.csproj", "{26938A2B-C2ED-4EE3-8E03-75D0DF8F4D27}"
EndProject
Global
	GlobalSection(SolutionConfigurationPlatforms) = preSolution
		Debug|Any CPU = Debug|Any CPU
		Release|Any CPU = Release|Any CPU
	EndGlobalSection
	GlobalSection(ProjectConfigurationPlatforms) = postSolution
		{7B881848-27BE-4DF8-BF73-4EC68ECDAA49}.Debug|Any CPU.ActiveCfg = Debug|Any CPU
		{7B881848-27BE-4DF8-BF73-4EC68ECDAA49}.Debug|Any CPU.Build.0 = Debug|Any CPU
		{7B881848-27BE-4DF8-BF73-4EC68ECDAA49}.Release|Any CPU.ActiveCfg = Release|Any CPU
		{7B881848-27BE-4DF8-BF73-4EC68ECDAA49}.Release|Any CPU.Build.0 = Release|Any CPU
		{CEFA5975-171A-4943-9CF6-D4F9E7DA7E74}.Debug|Any CPU.ActiveCfg = Debug|Any CPU
		{CEFA5975-171A-4943-9CF6-D4F9E7DA7E74}.Debug|Any CPU.Build.0 = Debug|Any CPU
		{CEFA5975-171A-4943-9CF6-D4F9E7DA7E74}.Release|Any CPU.ActiveCfg = Release|Any CPU
		{CEFA5975-171A-4943-9CF6-D4F9E7DA7E74}.Release|Any CPU.Build.0 = Release|Any CPU
		{86611476-D55D-4669-812D-9192789D540D}.Debug|Any CPU.ActiveCfg = Debug|Any CPU
		{86611476-D55D-4669-812D-9192789D540D}.Debug|Any CPU.Build.0 = Debug|Any CPU
		{86611476-D55D-4669-812D-9192789D540D}.Release|Any CPU.ActiveCfg = Release|Any CPU
		{86611476-D55D-4669-812D-9192789D540D}.Release|Any CPU.Build.0 = Release|Any CPU
		{59158B5D-E593-4D93-9399-4A1B2501D2D6}.Debug|Any CPU.ActiveCfg = Debug|Any CPU
		{59158B5D-E593-4D93-9399-4A1B2501D2D6}.Debug|Any CPU.Build.0 = Debug|Any CPU
		{59158B5D-E593-4D93-9399-4A1B2501D2D6}.Release|Any CPU.ActiveCfg = Release|Any CPU
		{59158B5D-E593-4D93-9399-4A1B2501D2D6}.Release|Any CPU.Build.0 = Release|Any CPU
		{26938A2B-C2ED-4EE3-8E03-75D0DF8F4D27}.Debug|Any CPU.ActiveCfg = Debug|Any CPU
		{26938A2B-C2ED-4EE3-8E03-75D0DF8F4D27}.Debug|Any CPU.Build.0 = Debug|Any CPU
		{26938A2B-C2ED-4EE3-8E03-75D0DF8F4D27}.Release|Any CPU.ActiveCfg = Release|Any CPU
		{26938A2B-C2ED-4EE3-8E03-75D0DF8F4D27}.Release|Any CPU.Build.0 = Release|Any CPU
	EndGlobalSection
	GlobalSection(SolutionProperties) = preSolution
		HideSolutionNode = FALSE
	EndGlobalSection
	GlobalSection(ExtensibilityGlobals) = postSolution
		SolutionGuid = {A0736EB1-4859-4571-A872-2285B9AFF547}
	EndGlobalSection
EndGlobal
